
Microsoft Visual Studio Solution File, Format Version 12.00
# Visual Studio Version 17
VisualStudioVersion = 17.3.32901.215
MinimumVisualStudioVersion = 10.0.40219.1
Project("{9A19103F-16F7-4668-BE54-9A1E7A4F7556}") = "MyApp", "MyApp.csproj", "{4F635A0A-73FB-4F3A-84B0-22C32B646C79}"
EndProject
Global
	GlobalSection(SolutionConfigurationPlatforms) = preSolution
		Debug|Any CPU = Debug|Any CPU
		Release|Any CPU = Release|Any CPU
	EndGlobalSection
	GlobalSection(ProjectConfigurationPlatforms) = postSolution
		{4F635A0A-73FB-4F3A-84B0-22C32B646C79}.Debug|Any CPU.ActiveCfg = Debug|Any CPU
		{4F635A0A-73FB-4F3A-84B0-22C32B646C79}.Debug|Any CPU.Build.0 = Debug|Any CPU
		{4F635A0A-73FB-4F3A-84B0-22C32B646C79}.Release|Any CPU.ActiveCfg = Release|Any CPU
		{4F635A0A-73FB-4F3A-84B0-22C32B646C79}.Release|Any CPU.Build.0 = Release|Any CPU
	EndGlobalSection
	GlobalSection(SolutionProperties) = preSolution
		HideSolutionNode = FALSE
	EndGlobalSection
	GlobalSection(ExtensibilityGlobals) = postSolution
		SolutionGuid = {56F27C4B-2818-4196-8D59-D9D950E81ABC}
	EndGlobalSection
EndGlobal
